
Microsoft Visual Studio Solution File, Format Version 12.00
# Visual Studio Version 17
VisualStudioVersion = 17.4.33213.308
MinimumVisualStudioVersion = 10.0.40219.1
Project("{9A19103F-16F7-4668-BE54-9A1E7A4F7556}") = "ToyGPT", "ToyGPT\ToyGPT.csproj", "{5D375618-345E-4EED-8BD2-354E3E68A1E6}"
EndProject
Project("{9A19103F-16F7-4668-BE54-9A1E7A4F7556}") = "ToyGPT.Lib", "ToyGPT.Lib\ToyGPT.Lib.csproj", "{FEC83309-0501-476B-8E55-DD486443DA23}"
EndProject
Project("{2150E333-8FDC-42A3-9474-1A3956D46DE8}") = "Solution Items", "Solution Items", "{CFB14BC1-3A20-4BDC-9F9A-D3ACE7035C1D}"
	ProjectSection(SolutionItems) = preProject
		.editorconfig = .editorconfig
	EndProjectSection
EndProject
Project("{9A19103F-16F7-4668-BE54-9A1E7A4F7556}") = "ToyGPT.NeuralNetwork", "ToyGPT.NeuralNetwork\ToyGPT.NeuralNetwork.csproj", "{23317E2B-6F60-4C74-9826-02F6D9BC2CED}"
EndProject
Project("{9A19103F-16F7-4668-BE54-9A1E7A4F7556}") = "ToyGPT.NeuralNetwork.Tests", "ToyGPT.NeuralNetwork.Tests\ToyGPT.NeuralNetwork.Tests.csproj", "{B4058C31-375A-4BCA-8638-E7F166A10B2E}"
EndProject
Project("{9A19103F-16F7-4668-BE54-9A1E7A4F7556}") = "ToyGPT.NeuralNetwork.UI", "ToyGPT.NeuralNetwork.UI\ToyGPT.NeuralNetwork.UI.csproj", "{82C85D3F-9F02-476C-9881-FAB01C2D0D02}"
EndProject
Global
	GlobalSection(SolutionConfigurationPlatforms) = preSolution
		Debug|Any CPU = Debug|Any CPU
		Release|Any CPU = Release|Any CPU
	EndGlobalSection
	GlobalSection(ProjectConfigurationPlatforms) = postSolution
		{5D375618-345E-4EED-8BD2-354E3E68A1E6}.Debug|Any CPU.ActiveCfg = Debug|Any CPU
		{5D375618-345E-4EED-8BD2-354E3E68A1E6}.Debug|Any CPU.Build.0 = Debug|Any CPU
		{5D375618-345E-4EED-8BD2-354E3E68A1E6}.Release|Any CPU.ActiveCfg = Release|Any CPU
		{5D375618-345E-4EED-8BD2-354E3E68A1E6}.Release|Any CPU.Build.0 = Release|Any CPU
		{FEC83309-0501-476B-8E55-DD486443DA23}.Debug|Any CPU.ActiveCfg = Debug|Any CPU
		{FEC83309-0501-476B-8E55-DD486443DA23}.Debug|Any CPU.Build.0 = Debug|Any CPU
		{FEC83309-0501-476B-8E55-DD486443DA23}.Release|Any CPU.ActiveCfg = Release|Any CPU
		{FEC83309-0501-476B-8E55-DD486443DA23}.Release|Any CPU.Build.0 = Release|Any CPU
		{23317E2B-6F60-4C74-9826-02F6D9BC2CED}.Debug|Any CPU.ActiveCfg = Debug|Any CPU
		{23317E2B-6F60-4C74-9826-02F6D9BC2CED}.Debug|Any CPU.Build.0 = Debug|Any CPU
		{23317E2B-6F60-4C74-9826-02F6D9BC2CED}.Release|Any CPU.ActiveCfg = Release|Any CPU
		{23317E2B-6F60-4C74-9826-02F6D9BC2CED}.Release|Any CPU.Build.0 = Release|Any CPU
		{B4058C31-375A-4BCA-8638-E7F166A10B2E}.Debug|Any CPU.ActiveCfg = Debug|Any CPU
		{B4058C31-375A-4BCA-8638-E7F166A10B2E}.Debug|Any CPU.Build.0 = Debug|Any CPU
		{B4058C31-375A-4BCA-8638-E7F166A10B2E}.Release|Any CPU.ActiveCfg = Release|Any CPU
		{B4058C31-375A-4BCA-8638-E7F166A10B2E}.Release|Any CPU.Build.0 = Release|Any CPU
		{82C85D3F-9F02-476C-9881-FAB01C2D0D02}.Debug|Any CPU.ActiveCfg = Debug|Any CPU
		{82C85D3F-9F02-476C-9881-FAB01C2D0D02}.Debug|Any CPU.Build.0 = Debug|Any CPU
		{82C85D3F-9F02-476C-9881-FAB01C2D0D02}.Release|Any CPU.ActiveCfg = Release|Any CPU
		{82C85D3F-9F02-476C-9881-FAB01C2D0D02}.Release|Any CPU.Build.0 = Release|Any CPU
	EndGlobalSection
	GlobalSection(SolutionProperties) = preSolution
		HideSolutionNode = FALSE
	EndGlobalSection
	GlobalSection(ExtensibilityGlobals) = postSolution
		SolutionGuid = {FF94F994-9C41-4CB8-B351-D7559A20F176}
	EndGlobalSection
EndGlobal
